lockfileVersion: '9.0'

settings:
  autoInstallPeers: true
  excludeLinksFromLockfile: false

importers:

  .:
    dependencies:
      '@sentry/browser':
        specifier: ^10.60.0
        version: 10.60.0

packages:

  '@sentry/browser-utils@10.60.0':
    resolution: {integrity: sha512-YhdPeMJnMaKVi5NQ2tD9RJ2AxU7cav5khmiMHFppmbP3I3Os2EHVaQjAVb6/ePAINr/d5mj5SxpnWmFX17iXsg==}
    engines: {node: '>=18'}

  '@sentry/browser@10.60.0':
    resolution: {integrity: sha512-20vzPKGrmupJPCaWd+soCOLkZRwKZxt0AVF4XGPNoGp7D7wVPRlHf+FWwVMx+rRRkahKupFefM2D9YoiUiBeag==}
    engines: {node: '>=18'}

  '@sentry/core@10.60.0':
    resolution: {integrity: sha512-szN7ccOJAEaLb1BBQzCQhABGMTJmKNUk0G2sc7rWhajeXoZoMKIbNkI9RvJrFuV69cbad/d/BKGBjbpJhySAzw==}
    engines: {node: '>=18'}

  '@sentry/feedback@10.60.0':
    resolution: {integrity: sha512-RcGUgaI8yrIXunhNLpdNLsBUJIDvnEGDRmFhC5v0oMltoGtovrIqrEhPXEiSWQvNB0x4q33ejkLeJRJoSDOp2w==}
    engines: {node: '>=18'}

  '@sentry/replay-canvas@10.60.0':
    resolution: {integrity: sha512-mYyQRJbhRRaqUkRvkJZyqt9AWdomh4108LOAph1YJvV1jW7tKYPPFNAUveJd7YkYCyhUOtekN0DKNJveK802qA==}
    engines: {node: '>=18'}

  '@sentry/replay@10.60.0':
    resolution: {integrity: sha512-j+w774BP1p+v/ga1hJAJSn0cXgTiB2VWwQCAxukF7AEXscny/OCXzTTsaPxdovw9kDHI641vKV+/yixLV2nKIQ==}
    engines: {node: '>=18'}

snapshots:

  '@sentry/browser-utils@10.60.0':
    dependencies:
      '@sentry/core': 10.60.0

  '@sentry/browser@10.60.0':
    dependencies:
      '@sentry/browser-utils': 10.60.0
      '@sentry/core': 10.60.0
      '@sentry/feedback': 10.60.0
      '@sentry/replay': 10.60.0
      '@sentry/replay-canvas': 10.60.0

  '@sentry/core@10.60.0': {}

  '@sentry/feedback@10.60.0':
    dependencies:
      '@sentry/core': 10.60.0

  '@sentry/replay-canvas@10.60.0':
    dependencies:
      '@sentry/core': 10.60.0
      '@sentry/replay': 10.60.0

  '@sentry/replay@10.60.0':
    dependencies:
      '@sentry/browser-utils': 10.60.0
      '@sentry/core': 10.60.0
